// !$*UTF8*$!
{
	archiveVersion = 1;
	classes = {
	};
	objectVersion = 46;
	objects = {

/* Begin PBXBuildFile section */
		774BE2E11A80DEEC005D73E5 /* Info.plist in Resources */ = {isa = PBXBuildFile; fileRef = 774BE2E01A80DEEC005D73E5 /* Info.plist */; };
		774BE2E31A80DEF4005D73E5 /* Images.xcassets in Resources */ = {isa = PBXBuildFile; fileRef = 774BE2E21A80DEF4005D73E5 /* Images.xcassets */; };
		774BE2E51A80DF02005D73E5 /* main.m in Sources */ = {isa = PBXBuildFile; fileRef = 774BE2E41A80DF02005D73E5 /* main.m */; };
		774BE2E81A80DF0B005D73E5 /* AppDelegate.m in Sources */ = {isa = PBXBuildFile; fileRef = 774BE2E71A80DF0B005D73E5 /* AppDelegate.m */; };
		774BE2ED1A80DF26005D73E5 /* LaunchScreen.xib in Resources */ = {isa = PBXBuildFile; fileRef = 774BE2E91A80DF26005D73E5 /* LaunchScreen.xib */; };
		774BE2EE1A80DF26005D73E5 /* Main.storyboard in Resources */ = {isa = PBXBuildFile; fileRef = 774BE2EB1A80DF26005D73E5 /* Main.storyboard */; };
		774BE2F11A80DF30005D73E5 /* BookCover.m in Sources */ = {isa = PBXBuildFile; fileRef = 774BE2F01A80DF30005D73E5 /* BookCover.m */; };
		774BE2F41A80DF3A005D73E5 /* BooksController.m in Sources */ = {isa = PBXBuildFile; fileRef = 774BE2F31A80DF3A005D73E5 /* BooksController.m */; };
		774BE2F71A80DF4B005D73E5 /* PageDataViewController.m in Sources */ = {isa = PBXBuildFile; fileRef = 774BE2F61A80DF4B005D73E5 /* PageDataViewController.m */; };
		774BE2FA1A80DF59005D73E5 /* PageViewController.m in Sources */ = {isa = PBXBuildFile; fileRef = 774BE2F91A80DF59005D73E5 /* PageViewController.m */; };
		77671CB61A80D9410023F7C9 /* Default-568h@2x.png in Resources */ = {isa = PBXBuildFile; fileRef = 77671CB51A80D9410023F7C9 /* Default-568h@2x.png */; };
/* End PBXBuildFile section */

/* Begin PBXFileReference section */
		474305FC19F8D8C9004133EF /* Black Diamond.app */ = {isa = PBXFileReference; explicitFileType = wrapper.application; includeInIndex = 0; path = "Black Diamond.app"; sourceTree = BUILT_PRODUCTS_DIR; };
		774BE2E01A80DEEC005D73E5 /* Info.plist */ = {isa = PBXFileReference; fileEncoding = 4; lastKnownFileType = text.plist.xml; name = Info.plist; path = black_diamond/Info.plist; sourceTree = SOURCE_ROOT; };
		774BE2E21A80DEF4005D73E5 /* Images.xcassets */ = {isa = PBXFileReference; lastKnownFileType = folder.assetcatalog; name = Images.xcassets; path = black_diamond/Images.xcassets; sourceTree = SOURCE_ROOT; };
		774BE2E41A80DF02005D73E5 /* main.m */ = {isa = PBXFileReference; fileEncoding = 4; lastKnownFileType = sourcecode.c.objc; name = main.m; path = black_diamond/main.m; sourceTree = SOURCE_ROOT; };
		774BE2E61A80DF0B005D73E5 /* AppDelegate.h */ = {isa = PBXFileReference; fileEncoding = 4; lastKnownFileType = sourcecode.c.h; name = AppDelegate.h; path = black_diamond/AppDelegate.h; sourceTree = SOURCE_ROOT; };
		774BE2E71A80DF0B005D73E5 /* AppDelegate.m */ = {isa = PBXFileReference; fileEncoding = 4; lastKnownFileType = sourcecode.c.objc; name = AppDelegate.m; path = black_diamond/AppDelegate.m; sourceTree = SOURCE_ROOT; };
		774BE2EA1A80DF26005D73E5 /* Base */ = {isa = PBXFileReference; lastKnownFileType = file.xib; name = Base; path = black_diamond/Base.lproj/LaunchScreen.xib; sourceTree = SOURCE_ROOT; };
		774BE2EC1A80DF26005D73E5 /* Base */ = {isa = PBXFileReference; lastKnownFileType = file.storyboard; name = Base; path = black_diamond/Base.lproj/Main.storyboard; sourceTree = SOURCE_ROOT; };
		774BE2EF1A80DF30005D73E5 /* BookCover.h */ = {isa = PBXFileReference; fileEncoding = 4; lastKnownFileType = sourcecode.c.h; name = BookCover.h; path = black_diamond/BookCover.h; sourceTree = SOURCE_ROOT; };
		774BE2F01A80DF30005D73E5 /* BookCover.m */ = {isa = PBXFileReference; fileEncoding = 4; lastKnownFileType = sourcecode.c.objc; name = BookCover.m; path = black_diamond/BookCover.m; sourceTree = SOURCE_ROOT; };
		774BE2F21A80DF3A005D73E5 /* BooksController.h */ = {isa = PBXFileReference; fileEncoding = 4; lastKnownFileType = sourcecode.c.h; name = BooksController.h; path = black_diamond/BooksController.h; sourceTree = SOURCE_ROOT; };
		774BE2F31A80DF3A005D73E5 /* BooksController.m */ = {isa = PBXFileReference; fileEncoding = 4; lastKnownFileType = sourcecode.c.objc; name = BooksController.m; path = black_diamond/BooksController.m; sourceTree = SOURCE_ROOT; };
		774BE2F51A80DF4B005D73E5 /* PageDataViewController.h */ = {isa = PBXFileReference; fileEncoding = 4; lastKnownFileType = sourcecode.c.h; name = PageDataViewController.h; path = black_diamond/PageDataViewController.h; sourceTree = SOURCE_ROOT; };
		774BE2F61A80DF4B005D73E5 /* PageDataViewController.m */ = {isa = PBXFileReference; fileEncoding = 4; lastKnownFileType = sourcecode.c.objc; name = PageDataViewController.m; path = black_diamond/PageDataViewController.m; sourceTree = SOURCE_ROOT; };
		774BE2F81A80DF59005D73E5 /* PageViewController.h */ = {isa = PBXFileReference; fileEncoding = 4; lastKnownFileType = sourcecode.c.h; name = PageViewController.h; path = black_diamond/PageViewController.h; sourceTree = SOURCE_ROOT; };
		774BE2F91A80DF59005D73E5 /* PageViewController.m */ = {isa = PBXFileReference; fileEncoding = 4; lastKnownFileType = sourcecode.c.objc; name = PageViewController.m; path = black_diamond/PageViewController.m; sourceTree = SOURCE_ROOT; };
		77671CB51A80D9410023F7C9 /* Default-568h@2x.png */ = {isa = PBXFileReference; lastKnownFileType = image.png; path = "Default-568h@2x.png"; sourceTree = "<group>"; };
/* End PBXFileReference section */

/* Begin PBXFrameworksBuildPhase section */
		474305F919F8D8C9004133EF /* Frameworks */ = {
			isa = PBXFrameworksBuildPhase;
			buildActionMask = 2147483647;
			files = (
			);
			runOnlyForDeploymentPostprocessing = 0;
		};
/* End PBXFrameworksBuildPhase section */

/* Begin PBXGroup section */
		474305F319F8D8C9004133EF = {
			isa = PBXGroup;
			children = (
				77671CB51A80D9410023F7C9 /* Default-568h@2x.png */,
				B2A677A819FD1A0100B3F6DB /* App */,
				474305FD19F8D8C9004133EF /* Products */,
			);
			sourceTree = "<group>";
		};
		474305FD19F8D8C9004133EF /* Products */ = {
			isa = PBXGroup;
			children = (
				474305FC19F8D8C9004133EF /* Black Diamond.app */,
			);
			name = Products;
			sourceTree = "<group>";
		};
		77671C891A80D6F10023F7C9 /* Main */ = {
			isa = PBXGroup;
			children = (
				774BE2E61A80DF0B005D73E5 /* AppDelegate.h */,
				774BE2E71A80DF0B005D73E5 /* AppDelegate.m */,
				774BE2E41A80DF02005D73E5 /* main.m */,
			);
			name = Main;
			sourceTree = "<group>";
		};
		77DE5D391A7A7E480058559A /* Resources */ = {
			isa = PBXGroup;
			children = (
				774BE2E21A80DEF4005D73E5 /* Images.xcassets */,
				774BE2E01A80DEEC005D73E5 /* Info.plist */,
			);
			name = Resources;
			sourceTree = "<group>";
		};
		77DE5D3A1A7A86070058559A /* Classes */ = {
			isa = PBXGroup;
			children = (
				77671C891A80D6F10023F7C9 /* Main */,
				77DE5D3D1A7A862D0058559A /* View */,
				77DE5D3C1A7A861F0058559A /* Models */,
				77DE5D3B1A7A86140058559A /* Controllers */,
			);
			name = Classes;
			sourceTree = "<group>";
		};
		77DE5D3B1A7A86140058559A /* Controllers */ = {
			isa = PBXGroup;
			children = (
				77DE5D421A7A8C700058559A /* Books */,
				77DE5D3E1A7A86B80058559A /* Pages */,
			);
			name = Controllers;
			sourceTree = "<group>";
		};
		77DE5D3C1A7A861F0058559A /* Models */ = {
			isa = PBXGroup;
			children = (
				77DE5D3F1A7A86C80058559A /* Book */,
			);
			name = Models;
			sourceTree = "<group>";
		};
		77DE5D3D1A7A862D0058559A /* View */ = {
			isa = PBXGroup;
			children = (
				774BE2E91A80DF26005D73E5 /* LaunchScreen.xib */,
				774BE2EB1A80DF26005D73E5 /* Main.storyboard */,
			);
			name = View;
			sourceTree = "<group>";
		};
		77DE5D3E1A7A86B80058559A /* Pages */ = {
			isa = PBXGroup;
			children = (
				77DE5D411A7A87140058559A /* PageContent */,
				77DE5D401A7A86E20058559A /* PageView */,
			);
			name = Pages;
			sourceTree = "<group>";
		};
		77DE5D3F1A7A86C80058559A /* Book */ = {
			isa = PBXGroup;
			children = (
				774BE2EF1A80DF30005D73E5 /* BookCover.h */,
				774BE2F01A80DF30005D73E5 /* BookCover.m */,
			);
			name = Book;
			sourceTree = "<group>";
		};
		77DE5D401A7A86E20058559A /* PageView */ = {
			isa = PBXGroup;
			children = (
				774BE2F81A80DF59005D73E5 /* PageViewController.h */,
				774BE2F91A80DF59005D73E5 /* PageViewController.m */,
			);
			name = PageView;
			sourceTree = "<group>";
		};
		77DE5D411A7A87140058559A /* PageContent */ = {
			isa = PBXGroup;
			children = (
				774BE2F51A80DF4B005D73E5 /* PageDataViewController.h */,
				774BE2F61A80DF4B005D73E5 /* PageDataViewController.m */,
			);
			name = PageContent;
			sourceTree = "<group>";
		};
		77DE5D421A7A8C700058559A /* Books */ = {
			isa = PBXGroup;
			children = (
				774BE2F21A80DF3A005D73E5 /* BooksController.h */,
				774BE2F31A80DF3A005D73E5 /* BooksController.m */,
			);
			name = Books;
			sourceTree = "<group>";
		};
		B2A677A819FD1A0100B3F6DB /* App */ = {
			isa = PBXGroup;
			children = (
				77DE5D391A7A7E480058559A /* Resources */,
				77DE5D3A1A7A86070058559A /* Classes */,
			);
			name = App;
			path = Paging_ObjC;
			sourceTree = "<group>";
		};
/* End PBXGroup section */

/* Begin PBXNativeTarget section */
		474305FB19F8D8C9004133EF /* Sample */ = {
			isa = PBXNativeTarget;
			buildConfigurationList = 4743061F19F8D8C9004133EF /* Build configuration list for PBXNativeTarget "Sample" */;
			buildPhases = (
				474305F819F8D8C9004133EF /* Sources */,
				474305F919F8D8C9004133EF /* Frameworks */,
				474305FA19F8D8C9004133EF /* Resources */,
			);
			buildRules = (
			);
			dependencies = (
			);
			name = Sample;
			productName = HandOff_ObjC;
			productReference = 474305FC19F8D8C9004133EF /* Black Diamond.app */;
			productType = "com.apple.product-type.application";
		};
/* End PBXNativeTarget section */

/* Begin PBXProject section */
		474305F419F8D8C9004133EF /* Project object */ = {
			isa = PBXProject;
			attributes = {
				LastUpgradeCheck = 0620;
				ORGANIZATIONNAME = "Linda Chan";
				TargetAttributes = {
					474305FB19F8D8C9004133EF = {
						CreatedOnToolsVersion = 6.1;
						DevelopmentTeam = 3MUWQMXXHQ;
					};
				};
			};
			buildConfigurationList = 474305F719F8D8C9004133EF /* Build configuration list for PBXProject "BlackDiamond" */;
			compatibilityVersion = "Xcode 3.2";
			developmentRegion = English;
			hasScannedForEncodings = 0;
			knownRegions = (
				en,
				Base,
			);
			mainGroup = 474305F319F8D8C9004133EF;
			productRefGroup = 474305FD19F8D8C9004133EF /* Products */;
			projectDirPath = "";
			projectRoot = "";
			targets = (
				474305FB19F8D8C9004133EF /* Sample */,
			);
		};
/* End PBXProject section */

/* Begin PBXResourcesBuildPhase section */
		474305FA19F8D8C9004133EF /* Resources */ = {
			isa = PBXResourcesBuildPhase;
			buildActionMask = 2147483647;
			files = (
				774BE2ED1A80DF26005D73E5 /* LaunchScreen.xib in Resources */,
				774BE2EE1A80DF26005D73E5 /* Main.storyboard in Resources */,
				774BE2E11A80DEEC005D73E5 /* Info.plist in Resources */,
				774BE2E31A80DEF4005D73E5 /* Images.xcassets in Resources */,
				77671CB61A80D9410023F7C9 /* Default-568h@2x.png in Resources */,
			);
			runOnlyForDeploymentPostprocessing = 0;
		};
/* End PBXResourcesBuildPhase section */

/* Begin PBXSourcesBuildPhase section */
		474305F819F8D8C9004133EF /* Sources */ = {
			isa = PBXSourcesBuildPhase;
			buildActionMask = 2147483647;
			files = (
				774BE2E51A80DF02005D73E5 /* main.m in Sources */,
				774BE2F71A80DF4B005D73E5 /* PageDataViewController.m in Sources */,
				774BE2E81A80DF0B005D73E5 /* AppDelegate.m in Sources */,
				774BE2F11A80DF30005D73E5 /* BookCover.m in Sources */,
				774BE2F41A80DF3A005D73E5 /* BooksController.m in Sources */,
				774BE2FA1A80DF59005D73E5 /* PageViewController.m in Sources */,
			);
			runOnlyForDeploymentPostprocessing = 0;
		};
/* End PBXSourcesBuildPhase section */

/* Begin PBXVariantGroup section */
		774BE2E91A80DF26005D73E5 /* LaunchScreen.xib */ = {
			isa = PBXVariantGroup;
			children = (
				774BE2EA1A80DF26005D73E5 /* Base */,
			);
			name = LaunchScreen.xib;
			sourceTree = "<group>";
		};
		774BE2EB1A80DF26005D73E5 /* Main.storyboard */ = {
			isa = PBXVariantGroup;
			children = (
				774BE2EC1A80DF26005D73E5 /* Base */,
			);
			name = Main.storyboard;
			sourceTree = "<group>";
		};
/* End PBXVariantGroup section */

/* Begin XCBuildConfiguration section */
		4743061D19F8D8C9004133EF /* Debug */ = {
			isa = XCBuildConfiguration;
			buildSettings = {
				ALWAYS_SEARCH_USER_PATHS = NO;
				CLANG_CXX_LANGUAGE_STANDARD = "gnu++0x";
				CLANG_CXX_LIBRARY = "libc++";
				CLANG_ENABLE_MODULES = YES;
				CLANG_ENABLE_OBJC_ARC = YES;
				CLANG_WARN_BOOL_CONVERSION = YES;
				CLANG_WARN_CONSTANT_CONVERSION = YES;
				CLANG_WARN_DIRECT_OBJC_ISA_USAGE = YES_ERROR;
				CLANG_WARN_EMPTY_BODY = YES;
				CLANG_WARN_ENUM_CONVERSION = YES;
				CLANG_WARN_INT_CONVERSION = YES;
				CLANG_WARN_OBJC_ROOT_CLASS = YES_ERROR;
				CLANG_WARN_UNREACHABLE_CODE = YES;
				CLANG_WARN__DUPLICATE_METHOD_MATCH = YES;
				"CODE_SIGN_IDENTITY[sdk=iphoneos*]" = "iPhone Developer";
				COPY_PHASE_STRIP = NO;
				ENABLE_STRICT_OBJC_MSGSEND = YES;
				GCC_C_LANGUAGE_STANDARD = gnu99;
				GCC_DYNAMIC_NO_PIC = NO;
				GCC_OPTIMIZATION_LEVEL = 0;
				GCC_PREPROCESSOR_DEFINITIONS = (
					"DEBUG=1",
					"$(inherited)",
				);
				GCC_SYMBOLS_PRIVATE_EXTERN = NO;
				GCC_WARN_64_TO_32_BIT_CONVERSION = YES;
				GCC_WARN_ABOUT_RETURN_TYPE = YES_ERROR;
				GCC_WARN_UNDECLARED_SELECTOR = YES;
				GCC_WARN_UNINITIALIZED_AUTOS = YES_AGGRESSIVE;
				GCC_WARN_UNUSED_FUNCTION = YES;
				GCC_WARN_UNUSED_VARIABLE = YES;
				IPHONEOS_DEPLOYMENT_TARGET = 8.1;
				MTL_ENABLE_DEBUG_INFO = YES;
				ONLY_ACTIVE_ARCH = YES;
				SDKROOT = iphoneos;
				TARGETED_DEVICE_FAMILY = "1,2";
			};
			name = Debug;
		};
		4743061E19F8D8C9004133EF /* Release */ = {
			isa = XCBuildConfiguration;
			buildSettings = {
				ALWAYS_SEARCH_USER_PATHS = NO;
				CLANG_CXX_LANGUAGE_STANDARD = "gnu++0x";
				CLANG_CXX_LIBRARY = "libc++";
				CLANG_ENABLE_MODULES = YES;
				CLANG_ENABLE_OBJC_ARC = YES;
				CLANG_WARN_BOOL_CONVERSION = YES;
				CLANG_WARN_CONSTANT_CONVERSION = YES;
				CLANG_WARN_DIRECT_OBJC_ISA_USAGE = YES_ERROR;
				CLANG_WARN_EMPTY_BODY = YES;
				CLANG_WARN_ENUM_CONVERSION = YES;
				CLANG_WARN_INT_CONVERSION = YES;
				CLANG_WARN_OBJC_ROOT_CLASS = YES_ERROR;
				CLANG_WARN_UNREACHABLE_CODE = YES;
				CLANG_WARN__DUPLICATE_METHOD_MATCH = YES;
				"CODE_SIGN_IDENTITY[sdk=iphoneos*]" = "iPhone Developer";
				COPY_PHASE_STRIP = YES;
				ENABLE_NS_ASSERTIONS = NO;
				ENABLE_STRICT_OBJC_MSGSEND = YES;
				GCC_C_LANGUAGE_STANDARD = gnu99;
				GCC_WARN_64_TO_32_BIT_CONVERSION = YES;
				GCC_WARN_ABOUT_RETURN_TYPE = YES_ERROR;
				GCC_WARN_UNDECLARED_SELECTOR = YES;
				GCC_WARN_UNINITIALIZED_AUTOS = YES_AGGRESSIVE;
				GCC_WARN_UNUSED_FUNCTION = YES;
				GCC_WARN_UNUSED_VARIABLE = YES;
				IPHONEOS_DEPLOYMENT_TARGET = 8.1;
				MTL_ENABLE_DEBUG_INFO = NO;
				SDKROOT = iphoneos;
				TARGETED_DEVICE_FAMILY = "1,2";
				VALIDATE_PRODUCT = YES;
			};
			name = Release;
		};
		4743062019F8D8C9004133EF /* Debug */ = {
			isa = XCBuildConfiguration;
			buildSettings = {
				ASSETCATALOG_COMPILER_APPICON_NAME = AppIcon;
				CODE_SIGN_IDENTITY = "iPhone Developer";
				INFOPLIST_FILE = "$(SRCROOT)/black_diamond/Info.plist";
				IPHONEOS_DEPLOYMENT_TARGET = 8.0;
				LD_RUNPATH_SEARCH_PATHS = "$(inherited) @executable_path/Frameworks";
				PRODUCT_NAME = "Black Diamond";
			};
			name = Debug;
		};
		4743062119F8D8C9004133EF /* Release */ = {
			isa = XCBuildConfiguration;
			buildSettings = {
				ASSETCATALOG_COMPILER_APPICON_NAME = AppIcon;
				CODE_SIGN_IDENTITY = "iPhone Developer";
				INFOPLIST_FILE = "$(SRCROOT)/black_diamond/Info.plist";
				IPHONEOS_DEPLOYMENT_TARGET = 8.0;
				LD_RUNPATH_SEARCH_PATHS = "$(inherited) @executable_path/Frameworks";
				PRODUCT_NAME = "Black Diamond";
			};
			name = Release;
		};
/* End XCBuildConfiguration section */

/* Begin XCConfigurationList section */
		474305F719F8D8C9004133EF /* Build configuration list for PBXProject "BlackDiamond" */ = {
			isa = XCConfigurationList;
			buildConfigurations = (
				4743061D19F8D8C9004133EF /* Debug */,
				4743061E19F8D8C9004133EF /* Release */,
			);
			defaultConfigurationIsVisible = 0;
			defaultConfigurationName = Release;
		};
		4743061F19F8D8C9004133EF /* Build configuration list for PBXNativeTarget "Sample" */ = {
			isa = XCConfigurationList;
			buildConfigurations = (
				4743062019F8D8C9004133EF /* Debug */,
				4743062119F8D8C9004133EF /* Release */,
			);
			defaultConfigurationIsVisible = 0;
			defaultConfigurationName = Release;
		};
/* End XCConfigurationList section */
	};
	rootObject = 474305F419F8D8C9004133EF /* Project object */;
}
